
Microsoft Visual Studio Solution File, Format Version 12.00
# Visual Studio Version 17
VisualStudioVersion = 17.6.33829.357
MinimumVisualStudioVersion = 10.0.40219.1
Project("{FAE04EC0-301F-11D3-BF4B-00C04F79EFBC}") = "BookMillApp", "BookMillApp\BookMillApp.csproj", "{7F92F43F-C1E9-4554-93AD-E8F4A431C970}"
EndProject
Project("{FAE04EC0-301F-11D3-BF4B-00C04F79EFBC}") = "BookMillApp-Domain", "BookMillApp-Domain\BookMillApp-Domain.csproj", "{BD83C2C9-6C4D-42CE-8656-435F308335E9}"
EndProject
Project("{FAE04EC0-301F-11D3-BF4B-00C04F79EFBC}") = "BookMillApp-Application", "BookMillApp-Application\BookMillApp-Application.csproj", "{41706B17-59AD-47F8-867E-BB3A7CC34025}"
EndProject
Project("{FAE04EC0-301F-11D3-BF4B-00C04F79EFBC}") = "BookMillApp-Infrastructure", "BookMillApp-Infrastructure\BookMillApp-Infrastructure.csproj", "{D6953685-93F8-46AF-8BB0-F8326ACB1906}"
EndProject
Project("{FAE04EC0-301F-11D3-BF4B-00C04F79EFBC}") = "BookMillApp-Shared", "BookMillApp-Shared\BookMillApp-Shared.csproj", "{A1CCFCE6-5EED-492F-8E9A-D004AE1BBC5F}"
EndProject
Global
	GlobalSection(SolutionConfigurationPlatforms) = preSolution
		Debug|Any CPU = Debug|Any CPU
		Release|Any CPU = Release|Any CPU
	EndGlobalSection
	GlobalSection(ProjectConfigurationPlatforms) = postSolution
		{7F92F43F-C1E9-4554-93AD-E8F4A431C970}.Debug|Any CPU.ActiveCfg = Debug|Any CPU
		{7F92F43F-C1E9-4554-93AD-E8F4A431C970}.Debug|Any CPU.Build.0 = Debug|Any CPU
		{7F92F43F-C1E9-4554-93AD-E8F4A431C970}.Release|Any CPU.ActiveCfg = Release|Any CPU
		{7F92F43F-C1E9-4554-93AD-E8F4A431C970}.Release|Any CPU.Build.0 = Release|Any CPU
		{BD83C2C9-6C4D-42CE-8656-435F308335E9}.Debug|Any CPU.ActiveCfg = Debug|Any CPU
		{BD83C2C9-6C4D-42CE-8656-435F308335E9}.Debug|Any CPU.Build.0 = Debug|Any CPU
		{BD83C2C9-6C4D-42CE-8656-435F308335E9}.Release|Any CPU.ActiveCfg = Release|Any CPU
		{BD83C2C9-6C4D-42CE-8656-435F308335E9}.Release|Any CPU.Build.0 = Release|Any CPU
		{41706B17-59AD-47F8-867E-BB3A7CC34025}.Debug|Any CPU.ActiveCfg = Debug|Any CPU
		{41706B17-59AD-47F8-867E-BB3A7CC34025}.Debug|Any CPU.Build.0 = Debug|Any CPU
		{41706B17-59AD-47F8-867E-BB3A7CC34025}.Release|Any CPU.ActiveCfg = Release|Any CPU
		{41706B17-59AD-47F8-867E-BB3A7CC34025}.Release|Any CPU.Build.0 = Release|Any CPU
		{D6953685-93F8-46AF-8BB0-F8326ACB1906}.Debug|Any CPU.ActiveCfg = Debug|Any CPU
		{D6953685-93F8-46AF-8BB0-F8326ACB1906}.Debug|Any CPU.Build.0 = Debug|Any CPU
		{D6953685-93F8-46AF-8BB0-F8326ACB1906}.Release|Any CPU.ActiveCfg = Release|Any CPU
		{D6953685-93F8-46AF-8BB0-F8326ACB1906}.Release|Any CPU.Build.0 = Release|Any CPU
		{A1CCFCE6-5EED-492F-8E9A-D004AE1BBC5F}.Debug|Any CPU.ActiveCfg = Debug|Any CPU
		{A1CCFCE6-5EED-492F-8E9A-D004AE1BBC5F}.Debug|Any CPU.Build.0 = Debug|Any CPU
		{A1CCFCE6-5EED-492F-8E9A-D004AE1BBC5F}.Release|Any CPU.ActiveCfg = Release|Any CPU
		{A1CCFCE6-5EED-492F-8E9A-D004AE1BBC5F}.Release|Any CPU.Build.0 = Release|Any CPU
	EndGlobalSection
	GlobalSection(SolutionProperties) = preSolution
		HideSolutionNode = FALSE
	EndGlobalSection
	GlobalSection(ExtensibilityGlobals) = postSolution
		SolutionGuid = {57C1C45E-8FC9-448C-88B5-02BCA92F2EF9}
	EndGlobalSection
EndGlobal
